{
  "name": "CV",
  "lockfileVersion": 3,
  "requires": true,
  "packages": {
    "": {
      "dependencies": {
        "@microsoft/fast-element": "2.0.0"
      }
    },
    "node_modules/@microsoft/fast-element": {
      "version": "2.0.0",
      "resolved": "https://registry.npmjs.org/@microsoft/fast-element/-/fast-element-2.0.0.tgz",
      "integrity": "sha512-Tzv4dCGTg10NNyqWWGRy3bYG4vacQUapjy5gpdpmFbSgvNF8aOzJJMkG5CfVUDoC9gWxY1ZyGgjXX0p86ZXX5w==",
      "license": "MIT"
    }
  }
}
